{
  "name": "alpine-js-sandbox",
  "version": "1.0.0",
  "lockfileVersion": 2,
  "requires": true,
  "packages": {
    "": {
      "name": "alpine-js-sandbox",
      "version": "1.0.0",
      "license": "ISC",
      "dependencies": {
        "alpinejs": "^3.3.3"
      }
    },
    "node_modules/@vue/reactivity": {
      "version": "3.2.11",
      "resolved": "https://registry.npmjs.org/@vue/reactivity/-/reactivity-3.2.11.tgz",
      "integrity": "sha512-hEQstxPQbgGZq5qApzrvbDmRdK1KP96O/j4XrwT8fVkT1ytkFs4fH2xNEh9QKwXfybbQkLs77W7OfXCv5o6qbA==",
      "dependencies": {
        "@vue/shared": "3.2.11"
      }
    },
    "node_modules/@vue/shared": {
      "version": "3.2.11",
      "resolved": "https://registry.npmjs.org/@vue/shared/-/shared-3.2.11.tgz",
      "integrity": "sha512-ovfXAsSsCvV9JVceWjkqC/7OF5HbgLOtCWjCIosmPGG8lxbPuavhIxRH1dTx4Dg9xLgRTNLvI3pVxG4ItQZekg=="
    },
    "node_modules/alpinejs": {
      "version": "3.3.3",
      "resolved": "https://registry.npmjs.org/alpinejs/-/alpinejs-3.3.3.tgz",
      "integrity": "sha512-OkTHYz+DUXcGliDj2W45Q+sAxd4AAEsvyaczuPgp2+vFWl8uGRxPk1G7ySe1snbajJoGMjU6mbdaCQpXvdWPBw==",
      "dependencies": {
        "@vue/reactivity": "^3.0.2"
      }
    }
  },
  "dependencies": {
    "@vue/reactivity": {
      "version": "3.2.11",
      "resolved": "https://registry.npmjs.org/@vue/reactivity/-/reactivity-3.2.11.tgz",
      "integrity": "sha512-hEQstxPQbgGZq5qApzrvbDmRdK1KP96O/j4XrwT8fVkT1ytkFs4fH2xNEh9QKwXfybbQkLs77W7OfXCv5o6qbA==",
      "requires": {
        "@vue/shared": "3.2.11"
      }
    },
    "@vue/shared": {
      "version": "3.2.11",
      "resolved": "https://registry.npmjs.org/@vue/shared/-/shared-3.2.11.tgz",
      "integrity": "sha512-ovfXAsSsCvV9JVceWjkqC/7OF5HbgLOtCWjCIosmPGG8lxbPuavhIxRH1dTx4Dg9xLgRTNLvI3pVxG4ItQZekg=="
    },
    "alpinejs": {
      "version": "3.3.3",
      "resolved": "https://registry.npmjs.org/alpinejs/-/alpinejs-3.3.3.tgz",
      "integrity": "sha512-OkTHYz+DUXcGliDj2W45Q+sAxd4AAEsvyaczuPgp2+vFWl8uGRxPk1G7ySe1snbajJoGMjU6mbdaCQpXvdWPBw==",
      "requires": {
        "@vue/reactivity": "^3.0.2"
      }
    }
  }
}
